
Microsoft Visual Studio Solution File, Format Version 12.00
# Visual Studio Version 16
VisualStudioVersion = 16.0.810.22
MinimumVisualStudioVersion = 10.0.40219.1
Project("{FAE04EC0-301F-11D3-BF4B-00C04F79EFBC}") = "UnionFindOperaatiot", "Demo3O\UnionFindOperaatiot.csproj", "{A041E82E-23B6-4E19-B143-F42E7705AF68}"
EndProject
Global
	GlobalSection(SolutionConfigurationPlatforms) = preSolution
		Debug|anycpu = Debug|anycpu
		Release|anycpu = Release|anycpu
	EndGlobalSection
	GlobalSection(ProjectConfigurationPlatforms) = postSolution
		{A041E82E-23B6-4E19-B143-F42E7705AF68}.Debug|anycpu.ActiveCfg = Debug|anycpu
		{A041E82E-23B6-4E19-B143-F42E7705AF68}.Debug|anycpu.Build.0 = Debug|anycpu
		{A041E82E-23B6-4E19-B143-F42E7705AF68}.Release|anycpu.ActiveCfg = Release|anycpu
		{A041E82E-23B6-4E19-B143-F42E7705AF68}.Release|anycpu.Build.0 = Release|anycpu
	EndGlobalSection
	GlobalSection(SolutionProperties) = preSolution
		HideSolutionNode = FALSE
	EndGlobalSection
	GlobalSection(ExtensibilityGlobals) = postSolution
		SolutionGuid = {38B40BC6-2163-4ED3-BA21-4FCF5CB8C958}
	EndGlobalSection
EndGlobal
