
Microsoft Visual Studio Solution File, Format Version 12.00
# Visual Studio Version 16
VisualStudioVersion = 25.0.1700.0
MinimumVisualStudioVersion = 10.0.40219.1
Project("{FAE04EC0-301F-11D3-BF4B-00C04F79EFBC}") = "O5", "O5\O5.csproj", "{64B99E11-F11B-423D-BCA1-E132C0C94232}"
EndProject
Global
	GlobalSection(SolutionConfigurationPlatforms) = preSolution
		Debug|Any CPU = Debug|Any CPU
		Release|Any CPU = Release|Any CPU
	EndGlobalSection
	GlobalSection(ProjectConfigurationPlatforms) = postSolution
		{64B99E11-F11B-423D-BCA1-E132C0C94232}.Debug|Any CPU.ActiveCfg = Debug|Any CPU
		{64B99E11-F11B-423D-BCA1-E132C0C94232}.Debug|Any CPU.Build.0 = Debug|Any CPU
		{64B99E11-F11B-423D-BCA1-E132C0C94232}.Release|Any CPU.ActiveCfg = Release|Any CPU
		{64B99E11-F11B-423D-BCA1-E132C0C94232}.Release|Any CPU.Build.0 = Release|Any CPU
	EndGlobalSection
	GlobalSection(SolutionProperties) = preSolution
		HideSolutionNode = FALSE
	EndGlobalSection
	GlobalSection(ExtensibilityGlobals) = postSolution
		SolutionGuid = {281ED0F8-0AD2-4BC3-B6F4-9D9E9AEA4DF8}
	EndGlobalSection
EndGlobal
